
Microsoft Visual Studio Solution File, Format Version 12.00
# Visual Studio 2012
Project("{FAE04EC0-301F-11D3-BF4B-00C04F79EFBC}") = "BloomExe", "src\BloomExe\BloomExe.csproj", "{304D5612-167C-4725-AF27-B9F2BB788B57}"
EndProject
Project("{FAE04EC0-301F-11D3-BF4B-00C04F79EFBC}") = "BloomTests", "src\BloomTests\BloomTests.csproj", "{57E7AC72-D901-4A80-A50B-71319AC96CDC}"
EndProject
Project("{FAE04EC0-301F-11D3-BF4B-00C04F79EFBC}") = "BloomChorusPlugin", "src\Bloom-ChorusPlugin\BloomChorusPlugin.csproj", "{5B04DA06-782F-41B8-84FB-EA1AB82E3FB0}"
EndProject
Project("{2150E333-8FDC-42A3-9474-1A3956D46DE8}") = ".nuget", ".nuget", "{B012FF12-9183-4CE2-88D4-6824201C6D5E}"
	ProjectSection(SolutionItems) = preProject
		.nuget\NuGet.Config = .nuget\NuGet.Config
		.nuget\NuGet.exe = .nuget\NuGet.exe
		.nuget\NuGet.targets = .nuget\NuGet.targets
	EndProjectSection
EndProject
Project("{FAE04EC0-301F-11D3-BF4B-00C04F79EFBC}") = "MakeCollection", "src\MakeCollection\MakeCollection.csproj", "{A9B5F0EC-306E-47F2-9137-01A3BB35BFCF}"
EndProject
Project("{2150E333-8FDC-42A3-9474-1A3956D46DE8}") = "Solution", "Solution", "{04AF3A87-C943-4731-BE3D-659EA705171D}"
EndProject
Project("{2150E333-8FDC-42A3-9474-1A3956D46DE8}") = "DistFiles", "DistFiles", "{D38FC737-8C27-46CB-B490-3CB2E7AB3C99}"
	ProjectSection(SolutionItems) = preProject
		DistFiles\ReleaseNotes.md = DistFiles\ReleaseNotes.md
	EndProjectSection
EndProject
Global
	GlobalSection(SolutionConfigurationPlatforms) = preSolution
		Debug|Any CPU = Debug|Any CPU
		Debug|Mixed Platforms = Debug|Mixed Platforms
		Debug|x86 = Debug|x86
		Release|Any CPU = Release|Any CPU
		Release|Mixed Platforms = Release|Mixed Platforms
		Release|x86 = Release|x86
	EndGlobalSection
	GlobalSection(ProjectConfigurationPlatforms) = postSolution
		{304D5612-167C-4725-AF27-B9F2BB788B57}.Debug|Any CPU.ActiveCfg = Debug|x86
		{304D5612-167C-4725-AF27-B9F2BB788B57}.Debug|Mixed Platforms.ActiveCfg = Debug|x86
		{304D5612-167C-4725-AF27-B9F2BB788B57}.Debug|Mixed Platforms.Build.0 = Debug|x86
		{304D5612-167C-4725-AF27-B9F2BB788B57}.Debug|x86.ActiveCfg = Debug|x86
		{304D5612-167C-4725-AF27-B9F2BB788B57}.Debug|x86.Build.0 = Debug|x86
		{304D5612-167C-4725-AF27-B9F2BB788B57}.Release|Any CPU.ActiveCfg = Release|x86
		{304D5612-167C-4725-AF27-B9F2BB788B57}.Release|Mixed Platforms.ActiveCfg = Release|x86
		{304D5612-167C-4725-AF27-B9F2BB788B57}.Release|Mixed Platforms.Build.0 = Release|x86
		{304D5612-167C-4725-AF27-B9F2BB788B57}.Release|x86.ActiveCfg = Release|x86
		{304D5612-167C-4725-AF27-B9F2BB788B57}.Release|x86.Build.0 = Release|x86
		{57E7AC72-D901-4A80-A50B-71319AC96CDC}.Debug|Any CPU.ActiveCfg = Debug|Any CPU
		{57E7AC72-D901-4A80-A50B-71319AC96CDC}.Debug|Any CPU.Build.0 = Debug|Any CPU
		{57E7AC72-D901-4A80-A50B-71319AC96CDC}.Debug|Mixed Platforms.ActiveCfg = Debug|x86
		{57E7AC72-D901-4A80-A50B-71319AC96CDC}.Debug|Mixed Platforms.Build.0 = Debug|x86
		{57E7AC72-D901-4A80-A50B-71319AC96CDC}.Debug|x86.ActiveCfg = Debug|x86
		{57E7AC72-D901-4A80-A50B-71319AC96CDC}.Debug|x86.Build.0 = Debug|x86
		{57E7AC72-D901-4A80-A50B-71319AC96CDC}.Release|Any CPU.ActiveCfg = Release|Any CPU
		{57E7AC72-D901-4A80-A50B-71319AC96CDC}.Release|Any CPU.Build.0 = Release|Any CPU
		{57E7AC72-D901-4A80-A50B-71319AC96CDC}.Release|Mixed Platforms.ActiveCfg = Release|x86
		{57E7AC72-D901-4A80-A50B-71319AC96CDC}.Release|Mixed Platforms.Build.0 = Release|x86
		{57E7AC72-D901-4A80-A50B-71319AC96CDC}.Release|x86.ActiveCfg = Release|x86
		{57E7AC72-D901-4A80-A50B-71319AC96CDC}.Release|x86.Build.0 = Release|x86
		{5B04DA06-782F-41B8-84FB-EA1AB82E3FB0}.Debug|Any CPU.ActiveCfg = Debug|Any CPU
		{5B04DA06-782F-41B8-84FB-EA1AB82E3FB0}.Debug|Any CPU.Build.0 = Debug|Any CPU
		{5B04DA06-782F-41B8-84FB-EA1AB82E3FB0}.Debug|Mixed Platforms.ActiveCfg = Debug|Any CPU
		{5B04DA06-782F-41B8-84FB-EA1AB82E3FB0}.Debug|Mixed Platforms.Build.0 = Debug|Any CPU
		{5B04DA06-782F-41B8-84FB-EA1AB82E3FB0}.Debug|x86.ActiveCfg = Debug|Any CPU
		{5B04DA06-782F-41B8-84FB-EA1AB82E3FB0}.Release|Any CPU.ActiveCfg = Release|Any CPU
		{5B04DA06-782F-41B8-84FB-EA1AB82E3FB0}.Release|Any CPU.Build.0 = Release|Any CPU
		{5B04DA06-782F-41B8-84FB-EA1AB82E3FB0}.Release|Mixed Platforms.ActiveCfg = Release|Any CPU
		{5B04DA06-782F-41B8-84FB-EA1AB82E3FB0}.Release|Mixed Platforms.Build.0 = Release|Any CPU
		{5B04DA06-782F-41B8-84FB-EA1AB82E3FB0}.Release|x86.ActiveCfg = Release|Any CPU
		{A9B5F0EC-306E-47F2-9137-01A3BB35BFCF}.Debug|Any CPU.ActiveCfg = Debug|Any CPU
		{A9B5F0EC-306E-47F2-9137-01A3BB35BFCF}.Debug|Any CPU.Build.0 = Debug|Any CPU
		{A9B5F0EC-306E-47F2-9137-01A3BB35BFCF}.Debug|Mixed Platforms.ActiveCfg = Debug|Any CPU
		{A9B5F0EC-306E-47F2-9137-01A3BB35BFCF}.Debug|Mixed Platforms.Build.0 = Debug|Any CPU
		{A9B5F0EC-306E-47F2-9137-01A3BB35BFCF}.Debug|x86.ActiveCfg = Debug|Any CPU
		{A9B5F0EC-306E-47F2-9137-01A3BB35BFCF}.Release|Any CPU.ActiveCfg = Release|Any CPU
		{A9B5F0EC-306E-47F2-9137-01A3BB35BFCF}.Release|Any CPU.Build.0 = Release|Any CPU
		{A9B5F0EC-306E-47F2-9137-01A3BB35BFCF}.Release|Mixed Platforms.ActiveCfg = Release|Any CPU
		{A9B5F0EC-306E-47F2-9137-01A3BB35BFCF}.Release|Mixed Platforms.Build.0 = Release|Any CPU
		{A9B5F0EC-306E-47F2-9137-01A3BB35BFCF}.Release|x86.ActiveCfg = Release|Any CPU
	EndGlobalSection
	GlobalSection(SolutionProperties) = preSolution
		HideSolutionNode = FALSE
	EndGlobalSection
	GlobalSection(NestedProjects) = preSolution
		{D38FC737-8C27-46CB-B490-3CB2E7AB3C99} = {04AF3A87-C943-4731-BE3D-659EA705171D}
	EndGlobalSection
	GlobalSection(Performance) = preSolution
		HasPerformanceSessions = true
	EndGlobalSection
EndGlobal
