
Microsoft Visual Studio Solution File, Format Version 12.00
# Visual Studio Version 17
VisualStudioVersion = 17.7.34003.232
MinimumVisualStudioVersion = 10.0.40219.1
Project("{9A19103F-16F7-4668-BE54-9A1E7A4F7556}") = "BloomExe", "src\BloomExe\BloomExe.csproj", "{304D5612-167C-4725-AF27-B9F2BB788B57}"
	ProjectSection(ProjectDependencies) = postProject
		{F697DD7A-2D74-4850-8381-7E4ADB1E4431} = {F697DD7A-2D74-4850-8381-7E4ADB1E4431}
	EndProjectSection
EndProject
Project("{9A19103F-16F7-4668-BE54-9A1E7A4F7556}") = "BloomTests", "src\BloomTests\BloomTests.csproj", "{57E7AC72-D901-4A80-A50B-71319AC96CDC}"
EndProject
Project("{2150E333-8FDC-42A3-9474-1A3956D46DE8}") = "Solution", "Solution", "{04AF3A87-C943-4731-BE3D-659EA705171D}"
EndProject
Project("{2150E333-8FDC-42A3-9474-1A3956D46DE8}") = "DistFiles", "DistFiles", "{D38FC737-8C27-46CB-B490-3CB2E7AB3C99}"
	ProjectSection(SolutionItems) = preProject
		DistFiles\ReleaseNotes.md = DistFiles\ReleaseNotes.md
		TrainingVideos-en.md = TrainingVideos-en.md
	EndProjectSection
EndProject
Project("{2150E333-8FDC-42A3-9474-1A3956D46DE8}") = ".nuget", ".nuget", "{50907EDE-2961-46DE-8549-E13473496460}"
	ProjectSection(SolutionItems) = preProject
		.nuget\packages.config = .nuget\packages.config
	EndProjectSection
EndProject
Project("{2150E333-8FDC-42A3-9474-1A3956D46DE8}") = "Solution Items", "Solution Items", "{EE02C044-C85F-4C3C-9DF5-57959ADB063C}"
	ProjectSection(SolutionItems) = preProject
		WebEssentials2015-Settings.json = WebEssentials2015-Settings.json
	EndProjectSection
EndProject
Project("{9A19103F-16F7-4668-BE54-9A1E7A4F7556}") = "WebView2PdfMaker", "src\WebView2PdfMaker\WebView2PdfMaker.csproj", "{F697DD7A-2D74-4850-8381-7E4ADB1E4431}"
EndProject
Project("{2150E333-8FDC-42A3-9474-1A3956D46DE8}") = "src", "src", "{827E0CD3-B72D-47B6-A68D-7590B98EB39B}"
EndProject
Project("{FAE04EC0-301F-11D3-BF4B-00C04F79EFBC}") = "BloomBooks.FreezeDoctor.Protocol", "src\BloomBooks.FreezeDoctor.Protocol\BloomBooks.FreezeDoctor.Protocol.csproj", "{BC16B558-A063-411A-8BF0-C259CBD62E48}"
EndProject
Project("{FAE04EC0-301F-11D3-BF4B-00C04F79EFBC}") = "BloomFreezeDoctor.Core", "src\BloomFreezeDoctor.Core\BloomFreezeDoctor.Core.csproj", "{DFDB8F7F-62BA-4019-891F-378897E56A6E}"
EndProject
Project("{FAE04EC0-301F-11D3-BF4B-00C04F79EFBC}") = "BloomFreezeDoctor", "src\BloomFreezeDoctor\BloomFreezeDoctor.csproj", "{DB569C6F-CD1A-4F6C-AD1D-5768749F2B68}"
EndProject
Project("{FAE04EC0-301F-11D3-BF4B-00C04F79EFBC}") = "BloomFreezeDoctor.Tests", "src\BloomFreezeDoctor.Tests\BloomFreezeDoctor.Tests.csproj", "{993C2D6D-07BC-4929-90F9-67F64753AC71}"
EndProject
Global
	GlobalSection(SolutionConfigurationPlatforms) = preSolution
		Debug|x64 = Debug|x64
		Debug|ARM64 = Debug|ARM64
		Debug|Any CPU = Debug|Any CPU
		Debug|x86 = Debug|x86
		Release|x64 = Release|x64
		Release|ARM64 = Release|ARM64
		Release|Any CPU = Release|Any CPU
		Release|x86 = Release|x86
	EndGlobalSection
	GlobalSection(ProjectConfigurationPlatforms) = postSolution
		{304D5612-167C-4725-AF27-B9F2BB788B57}.Debug|x64.ActiveCfg = Debug|x64
		{304D5612-167C-4725-AF27-B9F2BB788B57}.Debug|x64.Build.0 = Debug|x64
		{304D5612-167C-4725-AF27-B9F2BB788B57}.Debug|ARM64.ActiveCfg = Debug|ARM64
		{304D5612-167C-4725-AF27-B9F2BB788B57}.Debug|ARM64.Build.0 = Debug|ARM64
		{304D5612-167C-4725-AF27-B9F2BB788B57}.Debug|Any CPU.ActiveCfg = Debug|Any CPU
		{304D5612-167C-4725-AF27-B9F2BB788B57}.Debug|Any CPU.Build.0 = Debug|Any CPU
		{304D5612-167C-4725-AF27-B9F2BB788B57}.Debug|x86.ActiveCfg = Debug|Any CPU
		{304D5612-167C-4725-AF27-B9F2BB788B57}.Debug|x86.Build.0 = Debug|Any CPU
		{304D5612-167C-4725-AF27-B9F2BB788B57}.Release|x64.ActiveCfg = Release|x64
		{304D5612-167C-4725-AF27-B9F2BB788B57}.Release|x64.Build.0 = Release|x64
		{304D5612-167C-4725-AF27-B9F2BB788B57}.Release|ARM64.ActiveCfg = Release|ARM64
		{304D5612-167C-4725-AF27-B9F2BB788B57}.Release|ARM64.Build.0 = Release|ARM64
		{304D5612-167C-4725-AF27-B9F2BB788B57}.Release|Any CPU.ActiveCfg = Release|Any CPU
		{304D5612-167C-4725-AF27-B9F2BB788B57}.Release|Any CPU.Build.0 = Release|Any CPU
		{304D5612-167C-4725-AF27-B9F2BB788B57}.Release|x86.ActiveCfg = Release|Any CPU
		{304D5612-167C-4725-AF27-B9F2BB788B57}.Release|x86.Build.0 = Release|Any CPU
		{57E7AC72-D901-4A80-A50B-71319AC96CDC}.Debug|x64.ActiveCfg = Debug|x64
		{57E7AC72-D901-4A80-A50B-71319AC96CDC}.Debug|x64.Build.0 = Debug|x64
		{57E7AC72-D901-4A80-A50B-71319AC96CDC}.Debug|ARM64.ActiveCfg = Debug|x64
		{57E7AC72-D901-4A80-A50B-71319AC96CDC}.Debug|ARM64.Build.0 = Debug|x64
		{57E7AC72-D901-4A80-A50B-71319AC96CDC}.Debug|Any CPU.ActiveCfg = Debug|Any CPU
		{57E7AC72-D901-4A80-A50B-71319AC96CDC}.Debug|Any CPU.Build.0 = Debug|Any CPU
		{57E7AC72-D901-4A80-A50B-71319AC96CDC}.Debug|x86.ActiveCfg = Debug|Any CPU
		{57E7AC72-D901-4A80-A50B-71319AC96CDC}.Debug|x86.Build.0 = Debug|Any CPU
		{57E7AC72-D901-4A80-A50B-71319AC96CDC}.Release|x64.ActiveCfg = Release|x64
		{57E7AC72-D901-4A80-A50B-71319AC96CDC}.Release|x64.Build.0 = Release|x64
		{57E7AC72-D901-4A80-A50B-71319AC96CDC}.Release|ARM64.ActiveCfg = Release|x64
		{57E7AC72-D901-4A80-A50B-71319AC96CDC}.Release|ARM64.Build.0 = Release|x64
		{57E7AC72-D901-4A80-A50B-71319AC96CDC}.Release|Any CPU.ActiveCfg = Release|Any CPU
		{57E7AC72-D901-4A80-A50B-71319AC96CDC}.Release|Any CPU.Build.0 = Release|Any CPU
		{57E7AC72-D901-4A80-A50B-71319AC96CDC}.Release|x86.ActiveCfg = Release|Any CPU
		{57E7AC72-D901-4A80-A50B-71319AC96CDC}.Release|x86.Build.0 = Release|Any CPU
		{F697DD7A-2D74-4850-8381-7E4ADB1E4431}.Debug|x64.ActiveCfg = Debug|x64
		{F697DD7A-2D74-4850-8381-7E4ADB1E4431}.Debug|x64.Build.0 = Debug|x64
		{F697DD7A-2D74-4850-8381-7E4ADB1E4431}.Debug|ARM64.ActiveCfg = Debug|x64
		{F697DD7A-2D74-4850-8381-7E4ADB1E4431}.Debug|ARM64.Build.0 = Debug|x64
		{F697DD7A-2D74-4850-8381-7E4ADB1E4431}.Debug|Any CPU.ActiveCfg = Debug|Any CPU
		{F697DD7A-2D74-4850-8381-7E4ADB1E4431}.Debug|Any CPU.Build.0 = Debug|Any CPU
		{F697DD7A-2D74-4850-8381-7E4ADB1E4431}.Debug|x86.ActiveCfg = Debug|Any CPU
		{F697DD7A-2D74-4850-8381-7E4ADB1E4431}.Debug|x86.Build.0 = Debug|Any CPU
		{F697DD7A-2D74-4850-8381-7E4ADB1E4431}.Release|x64.ActiveCfg = Release|x64
		{F697DD7A-2D74-4850-8381-7E4ADB1E4431}.Release|x64.Build.0 = Release|x64
		{F697DD7A-2D74-4850-8381-7E4ADB1E4431}.Release|ARM64.ActiveCfg = Release|ARM64
		{F697DD7A-2D74-4850-8381-7E4ADB1E4431}.Release|ARM64.Build.0 = Release|ARM64
		{F697DD7A-2D74-4850-8381-7E4ADB1E4431}.Release|Any CPU.ActiveCfg = Release|Any CPU
		{F697DD7A-2D74-4850-8381-7E4ADB1E4431}.Release|Any CPU.Build.0 = Release|Any CPU
		{F697DD7A-2D74-4850-8381-7E4ADB1E4431}.Release|x86.ActiveCfg = Release|Any CPU
		{F697DD7A-2D74-4850-8381-7E4ADB1E4431}.Release|x86.Build.0 = Release|Any CPU
		{BC16B558-A063-411A-8BF0-C259CBD62E48}.Debug|x64.ActiveCfg = Debug|x64
		{BC16B558-A063-411A-8BF0-C259CBD62E48}.Debug|x64.Build.0 = Debug|x64
		{BC16B558-A063-411A-8BF0-C259CBD62E48}.Debug|ARM64.ActiveCfg = Debug|ARM64
		{BC16B558-A063-411A-8BF0-C259CBD62E48}.Debug|ARM64.Build.0 = Debug|ARM64
		{BC16B558-A063-411A-8BF0-C259CBD62E48}.Debug|Any CPU.ActiveCfg = Debug|x64
		{BC16B558-A063-411A-8BF0-C259CBD62E48}.Debug|Any CPU.Build.0 = Debug|x64
		{BC16B558-A063-411A-8BF0-C259CBD62E48}.Debug|x86.ActiveCfg = Debug|x64
		{BC16B558-A063-411A-8BF0-C259CBD62E48}.Debug|x86.Build.0 = Debug|x64
		{BC16B558-A063-411A-8BF0-C259CBD62E48}.Release|x64.ActiveCfg = Release|x64
		{BC16B558-A063-411A-8BF0-C259CBD62E48}.Release|x64.Build.0 = Release|x64
		{BC16B558-A063-411A-8BF0-C259CBD62E48}.Release|ARM64.ActiveCfg = Release|ARM64
		{BC16B558-A063-411A-8BF0-C259CBD62E48}.Release|ARM64.Build.0 = Release|ARM64
		{BC16B558-A063-411A-8BF0-C259CBD62E48}.Release|Any CPU.ActiveCfg = Release|x64
		{BC16B558-A063-411A-8BF0-C259CBD62E48}.Release|Any CPU.Build.0 = Release|x64
		{BC16B558-A063-411A-8BF0-C259CBD62E48}.Release|x86.ActiveCfg = Release|x64
		{BC16B558-A063-411A-8BF0-C259CBD62E48}.Release|x86.Build.0 = Release|x64
		{DFDB8F7F-62BA-4019-891F-378897E56A6E}.Debug|x64.ActiveCfg = Debug|Any CPU
		{DFDB8F7F-62BA-4019-891F-378897E56A6E}.Debug|x64.Build.0 = Debug|Any CPU
		{DFDB8F7F-62BA-4019-891F-378897E56A6E}.Debug|ARM64.ActiveCfg = Debug|Any CPU
		{DFDB8F7F-62BA-4019-891F-378897E56A6E}.Debug|ARM64.Build.0 = Debug|Any CPU
		{DFDB8F7F-62BA-4019-891F-378897E56A6E}.Debug|Any CPU.ActiveCfg = Debug|Any CPU
		{DFDB8F7F-62BA-4019-891F-378897E56A6E}.Debug|Any CPU.Build.0 = Debug|Any CPU
		{DFDB8F7F-62BA-4019-891F-378897E56A6E}.Debug|x86.ActiveCfg = Debug|Any CPU
		{DFDB8F7F-62BA-4019-891F-378897E56A6E}.Debug|x86.Build.0 = Debug|Any CPU
		{DFDB8F7F-62BA-4019-891F-378897E56A6E}.Release|x64.ActiveCfg = Release|Any CPU
		{DFDB8F7F-62BA-4019-891F-378897E56A6E}.Release|x64.Build.0 = Release|Any CPU
		{DFDB8F7F-62BA-4019-891F-378897E56A6E}.Release|ARM64.ActiveCfg = Release|Any CPU
		{DFDB8F7F-62BA-4019-891F-378897E56A6E}.Release|ARM64.Build.0 = Release|Any CPU
		{DFDB8F7F-62BA-4019-891F-378897E56A6E}.Release|Any CPU.ActiveCfg = Release|Any CPU
		{DFDB8F7F-62BA-4019-891F-378897E56A6E}.Release|Any CPU.Build.0 = Release|Any CPU
		{DFDB8F7F-62BA-4019-891F-378897E56A6E}.Release|x86.ActiveCfg = Release|Any CPU
		{DFDB8F7F-62BA-4019-891F-378897E56A6E}.Release|x86.Build.0 = Release|Any CPU
		{DB569C6F-CD1A-4F6C-AD1D-5768749F2B68}.Debug|x64.ActiveCfg = Debug|Any CPU
		{DB569C6F-CD1A-4F6C-AD1D-5768749F2B68}.Debug|x64.Build.0 = Debug|Any CPU
		{DB569C6F-CD1A-4F6C-AD1D-5768749F2B68}.Debug|ARM64.ActiveCfg = Debug|Any CPU
		{DB569C6F-CD1A-4F6C-AD1D-5768749F2B68}.Debug|ARM64.Build.0 = Debug|Any CPU
		{DB569C6F-CD1A-4F6C-AD1D-5768749F2B68}.Debug|Any CPU.ActiveCfg = Debug|Any CPU
		{DB569C6F-CD1A-4F6C-AD1D-5768749F2B68}.Debug|Any CPU.Build.0 = Debug|Any CPU
		{DB569C6F-CD1A-4F6C-AD1D-5768749F2B68}.Debug|x86.ActiveCfg = Debug|Any CPU
		{DB569C6F-CD1A-4F6C-AD1D-5768749F2B68}.Debug|x86.Build.0 = Debug|Any CPU
		{DB569C6F-CD1A-4F6C-AD1D-5768749F2B68}.Release|x64.ActiveCfg = Release|Any CPU
		{DB569C6F-CD1A-4F6C-AD1D-5768749F2B68}.Release|x64.Build.0 = Release|Any CPU
		{DB569C6F-CD1A-4F6C-AD1D-5768749F2B68}.Release|ARM64.ActiveCfg = Release|Any CPU
		{DB569C6F-CD1A-4F6C-AD1D-5768749F2B68}.Release|ARM64.Build.0 = Release|Any CPU
		{DB569C6F-CD1A-4F6C-AD1D-5768749F2B68}.Release|Any CPU.ActiveCfg = Release|Any CPU
		{DB569C6F-CD1A-4F6C-AD1D-5768749F2B68}.Release|Any CPU.Build.0 = Release|Any CPU
		{DB569C6F-CD1A-4F6C-AD1D-5768749F2B68}.Release|x86.ActiveCfg = Release|Any CPU
		{DB569C6F-CD1A-4F6C-AD1D-5768749F2B68}.Release|x86.Build.0 = Release|Any CPU
		{993C2D6D-07BC-4929-90F9-67F64753AC71}.Debug|x64.ActiveCfg = Debug|Any CPU
		{993C2D6D-07BC-4929-90F9-67F64753AC71}.Debug|x64.Build.0 = Debug|Any CPU
		{993C2D6D-07BC-4929-90F9-67F64753AC71}.Debug|ARM64.ActiveCfg = Debug|Any CPU
		{993C2D6D-07BC-4929-90F9-67F64753AC71}.Debug|ARM64.Build.0 = Debug|Any CPU
		{993C2D6D-07BC-4929-90F9-67F64753AC71}.Debug|Any CPU.ActiveCfg = Debug|Any CPU
		{993C2D6D-07BC-4929-90F9-67F64753AC71}.Debug|Any CPU.Build.0 = Debug|Any CPU
		{993C2D6D-07BC-4929-90F9-67F64753AC71}.Debug|x86.ActiveCfg = Debug|Any CPU
		{993C2D6D-07BC-4929-90F9-67F64753AC71}.Debug|x86.Build.0 = Debug|Any CPU
		{993C2D6D-07BC-4929-90F9-67F64753AC71}.Release|x64.ActiveCfg = Release|Any CPU
		{993C2D6D-07BC-4929-90F9-67F64753AC71}.Release|x64.Build.0 = Release|Any CPU
		{993C2D6D-07BC-4929-90F9-67F64753AC71}.Release|ARM64.ActiveCfg = Release|Any CPU
		{993C2D6D-07BC-4929-90F9-67F64753AC71}.Release|ARM64.Build.0 = Release|Any CPU
		{993C2D6D-07BC-4929-90F9-67F64753AC71}.Release|Any CPU.ActiveCfg = Release|Any CPU
		{993C2D6D-07BC-4929-90F9-67F64753AC71}.Release|Any CPU.Build.0 = Release|Any CPU
		{993C2D6D-07BC-4929-90F9-67F64753AC71}.Release|x86.ActiveCfg = Release|Any CPU
		{993C2D6D-07BC-4929-90F9-67F64753AC71}.Release|x86.Build.0 = Release|Any CPU
	EndGlobalSection
	GlobalSection(SolutionProperties) = preSolution
		HideSolutionNode = FALSE
	EndGlobalSection
	GlobalSection(NestedProjects) = preSolution
		{D38FC737-8C27-46CB-B490-3CB2E7AB3C99} = {04AF3A87-C943-4731-BE3D-659EA705171D}
		{BC16B558-A063-411A-8BF0-C259CBD62E48} = {827E0CD3-B72D-47B6-A68D-7590B98EB39B}
		{DFDB8F7F-62BA-4019-891F-378897E56A6E} = {827E0CD3-B72D-47B6-A68D-7590B98EB39B}
		{DB569C6F-CD1A-4F6C-AD1D-5768749F2B68} = {827E0CD3-B72D-47B6-A68D-7590B98EB39B}
		{993C2D6D-07BC-4929-90F9-67F64753AC71} = {827E0CD3-B72D-47B6-A68D-7590B98EB39B}
	EndGlobalSection
	GlobalSection(ExtensibilityGlobals) = postSolution
		SolutionGuid = {AFDCD471-511E-432D-B6B3-2F9D5AD1ACED}
	EndGlobalSection
EndGlobal
