
Microsoft Visual Studio Solution File, Format Version 12.00
# Visual Studio 2010
Project("{FAE04EC0-301F-11D3-BF4B-00C04F79EFBC}") = "BloomExe", "src\BloomExe\BloomExe.csproj", "{304D5612-167C-4725-AF27-B9F2BB788B57}"
EndProject
Project("{FAE04EC0-301F-11D3-BF4B-00C04F79EFBC}") = "BloomTests", "src\BloomTests\BloomTests.csproj", "{57E7AC72-D901-4A80-A50B-71319AC96CDC}"
EndProject
Project("{FAE04EC0-301F-11D3-BF4B-00C04F79EFBC}") = "BloomChorusPlugin", "src\Bloom-ChorusPlugin\BloomChorusPlugin.csproj", "{5B04DA06-782F-41B8-84FB-EA1AB82E3FB0}"
EndProject
Project("{2150E333-8FDC-42A3-9474-1A3956D46DE8}") = "Solution", "Solution", "{04AF3A87-C943-4731-BE3D-659EA705171D}"
	ProjectSection(SolutionItems) = preProject
		environ = environ
		environ-xulrunner = environ-xulrunner
	EndProjectSection
EndProject
Project("{2150E333-8FDC-42A3-9474-1A3956D46DE8}") = "DistFiles", "DistFiles", "{D38FC737-8C27-46CB-B490-3CB2E7AB3C99}"
EndProject
Project("{FAE04EC0-301F-11D3-BF4B-00C04F79EFBC}") = "BloomBookUploader", "src\BloomBookUploader\BloomBookUploader.csproj", "{028817D6-1CC9-4879-89D7-C29BEA323235}"
EndProject
Project("{FAE04EC0-301F-11D3-BF4B-00C04F79EFBC}") = "BloomBookDownloader", "src\BloomBookDownloader\BloomBookDownloader.csproj", "{A6411357-8A5F-4EEC-BE3C-85C9E65D3C5B}"
EndProject
Global
	GlobalSection(SolutionConfigurationPlatforms) = preSolution
		Debug|Any CPU = Debug|Any CPU
		Debug|Mixed Platforms = Debug|Mixed Platforms
		Release|Any CPU = Release|Any CPU
		Release|Mixed Platforms = Release|Mixed Platforms
	EndGlobalSection
	GlobalSection(ProjectConfigurationPlatforms) = postSolution
		{304D5612-167C-4725-AF27-B9F2BB788B57}.Debug|Any CPU.ActiveCfg = Debug|x86
		{304D5612-167C-4725-AF27-B9F2BB788B57}.Debug|Any CPU.Build.0 = Debug|x86
		{304D5612-167C-4725-AF27-B9F2BB788B57}.Debug|Mixed Platforms.ActiveCfg = Debug|x86
		{304D5612-167C-4725-AF27-B9F2BB788B57}.Debug|Mixed Platforms.Build.0 = Debug|x86
		{304D5612-167C-4725-AF27-B9F2BB788B57}.Release|Any CPU.ActiveCfg = Release|x86
		{304D5612-167C-4725-AF27-B9F2BB788B57}.Release|Any CPU.Build.0 = Release|x86
		{304D5612-167C-4725-AF27-B9F2BB788B57}.Release|Mixed Platforms.ActiveCfg = Release|x86
		{304D5612-167C-4725-AF27-B9F2BB788B57}.Release|Mixed Platforms.Build.0 = Release|x86
		{57E7AC72-D901-4A80-A50B-71319AC96CDC}.Debug|Any CPU.ActiveCfg = Debug|x86
		{57E7AC72-D901-4A80-A50B-71319AC96CDC}.Debug|Any CPU.Build.0 = Debug|x86
		{57E7AC72-D901-4A80-A50B-71319AC96CDC}.Debug|Mixed Platforms.ActiveCfg = Debug|x86
		{57E7AC72-D901-4A80-A50B-71319AC96CDC}.Debug|Mixed Platforms.Build.0 = Debug|x86
		{57E7AC72-D901-4A80-A50B-71319AC96CDC}.Release|Any CPU.ActiveCfg = Release|x86
		{57E7AC72-D901-4A80-A50B-71319AC96CDC}.Release|Any CPU.Build.0 = Release|x86
		{57E7AC72-D901-4A80-A50B-71319AC96CDC}.Release|Mixed Platforms.ActiveCfg = Release|x86
		{57E7AC72-D901-4A80-A50B-71319AC96CDC}.Release|Mixed Platforms.Build.0 = Release|x86
		{5B04DA06-782F-41B8-84FB-EA1AB82E3FB0}.Debug|Any CPU.ActiveCfg = Debug|x86
		{5B04DA06-782F-41B8-84FB-EA1AB82E3FB0}.Debug|Any CPU.Build.0 = Debug|x86
		{5B04DA06-782F-41B8-84FB-EA1AB82E3FB0}.Debug|Mixed Platforms.ActiveCfg = Debug|x86
		{5B04DA06-782F-41B8-84FB-EA1AB82E3FB0}.Debug|Mixed Platforms.Build.0 = Debug|x86
		{5B04DA06-782F-41B8-84FB-EA1AB82E3FB0}.Release|Any CPU.ActiveCfg = Release|x86
		{5B04DA06-782F-41B8-84FB-EA1AB82E3FB0}.Release|Any CPU.Build.0 = Release|x86
		{5B04DA06-782F-41B8-84FB-EA1AB82E3FB0}.Release|Mixed Platforms.ActiveCfg = Release|x86
		{5B04DA06-782F-41B8-84FB-EA1AB82E3FB0}.Release|Mixed Platforms.Build.0 = Release|x86
		{028817D6-1CC9-4879-89D7-C29BEA323235}.Debug|Any CPU.ActiveCfg = Debug|Any CPU
		{028817D6-1CC9-4879-89D7-C29BEA323235}.Debug|Any CPU.Build.0 = Debug|Any CPU
		{028817D6-1CC9-4879-89D7-C29BEA323235}.Debug|Mixed Platforms.ActiveCfg = Debug|x86
		{028817D6-1CC9-4879-89D7-C29BEA323235}.Debug|Mixed Platforms.Build.0 = Debug|x86
		{028817D6-1CC9-4879-89D7-C29BEA323235}.Release|Any CPU.ActiveCfg = Release|Any CPU
		{028817D6-1CC9-4879-89D7-C29BEA323235}.Release|Any CPU.Build.0 = Release|Any CPU
		{028817D6-1CC9-4879-89D7-C29BEA323235}.Release|Mixed Platforms.ActiveCfg = Release|x86
		{028817D6-1CC9-4879-89D7-C29BEA323235}.Release|Mixed Platforms.Build.0 = Release|x86
		{A6411357-8A5F-4EEC-BE3C-85C9E65D3C5B}.Debug|Any CPU.ActiveCfg = Debug|Any CPU
		{A6411357-8A5F-4EEC-BE3C-85C9E65D3C5B}.Debug|Any CPU.Build.0 = Debug|Any CPU
		{A6411357-8A5F-4EEC-BE3C-85C9E65D3C5B}.Debug|Mixed Platforms.ActiveCfg = Debug|Any CPU
		{A6411357-8A5F-4EEC-BE3C-85C9E65D3C5B}.Debug|Mixed Platforms.Build.0 = Debug|Any CPU
		{A6411357-8A5F-4EEC-BE3C-85C9E65D3C5B}.Release|Any CPU.ActiveCfg = Release|Any CPU
		{A6411357-8A5F-4EEC-BE3C-85C9E65D3C5B}.Release|Any CPU.Build.0 = Release|Any CPU
		{A6411357-8A5F-4EEC-BE3C-85C9E65D3C5B}.Release|Mixed Platforms.ActiveCfg = Release|Any CPU
		{A6411357-8A5F-4EEC-BE3C-85C9E65D3C5B}.Release|Mixed Platforms.Build.0 = Release|Any CPU
	EndGlobalSection
	GlobalSection(SolutionProperties) = preSolution
		HideSolutionNode = FALSE
	EndGlobalSection
	GlobalSection(NestedProjects) = preSolution
		{D38FC737-8C27-46CB-B490-3CB2E7AB3C99} = {04AF3A87-C943-4731-BE3D-659EA705171D}
	EndGlobalSection
	GlobalSection(MonoDevelopProperties) = preSolution
		StartupItem = src\BloomExe\BloomExe.csproj
		Policies = $0
		$0.DotNetNamingPolicy = $1
		$1.DirectoryNamespaceAssociation = PrefixedFlat
		$1.ResourceNamePolicy = FileName
		$0.TextStylePolicy = $2
		$2.FileWidth = 98
		$2.TabsToSpaces = False
		$2.inheritsSet = VisualStudio
		$2.inheritsScope = text/plain
		$2.scope = text/x-csharp
		$0.CSharpFormattingPolicy = $3
		$3.IndentSwitchBody = True
		$3.PropertyBraceStyle = NextLine
		$3.PropertyGetBraceStyle = NextLine
		$3.PropertySetBraceStyle = NextLine
		$3.EventBraceStyle = NextLine
		$3.EventAddBraceStyle = NextLine
		$3.EventRemoveBraceStyle = NextLine
		$3.StatementBraceStyle = NextLine
		$3.ElseNewLinePlacement = NewLine
		$3.CatchNewLinePlacement = NewLine
		$3.FinallyNewLinePlacement = NewLine
		$3.WhileNewLinePlacement = NewLine
		$3.BeforeMethodDeclarationParentheses = False
		$3.BeforeMethodCallParentheses = False
		$3.BeforeConstructorDeclarationParentheses = False
		$3.BeforeIndexerDeclarationBracket = False
		$3.BeforeDelegateDeclarationParentheses = False
		$3.AfterDelegateDeclarationParameterComma = True
		$3.NewParentheses = False
		$3.SpacesBeforeBrackets = False
		$3.AlignToFirstMethodDeclarationParameter = False
		$3.AlignToFirstIndexerDeclarationParameter = False
		$3.inheritsSet = Mono
		$3.inheritsScope = text/x-csharp
		$3.scope = text/x-csharp
		$0.TextStylePolicy = $4
		$4.FileWidth = 98
		$4.TabsToSpaces = False
		$4.inheritsSet = VisualStudio
		$4.inheritsScope = text/plain
		$4.scope = text/plain
		$0.TextStylePolicy = $5
		$5.inheritsSet = null
		$5.scope = application/x-resource
		$0.TextStylePolicy = $6
		$6.FileWidth = 98
		$6.TabsToSpaces = False
		$6.inheritsSet = VisualStudio
		$6.inheritsScope = text/plain
		$6.scope = application/xml
		$0.XmlFormattingPolicy = $7
		$7.inheritsSet = Mono
		$7.inheritsScope = application/xml
		$7.scope = application/xml
		$0.StandardHeader = $8
		$8.Text = @Copyright (c) ${Year} SIL International\nThis software is licensed under the MIT License (http://opensource.org/licenses/MIT)
		$8.IncludeInNewFiles = True
		$0.NameConventionPolicy = $9
		$9.Rules = $10
		$10.NamingRule = $11
		$11.Name = Namespaces
		$11.AffectedEntity = Namespace
		$11.VisibilityMask = VisibilityMask
		$11.NamingStyle = PascalCase
		$11.IncludeInstanceMembers = True
		$11.IncludeStaticEntities = True
		$10.NamingRule = $12
		$12.Name = Types
		$12.AffectedEntity = Class, Struct, Enum, Delegate
		$12.VisibilityMask = VisibilityMask
		$12.NamingStyle = PascalCase
		$12.IncludeInstanceMembers = True
		$12.IncludeStaticEntities = True
		$10.NamingRule = $13
		$13.Name = Interfaces
		$13.RequiredPrefixes = $14
		$14.String = I
		$13.AffectedEntity = Interface
		$13.VisibilityMask = VisibilityMask
		$13.NamingStyle = PascalCase
		$13.IncludeInstanceMembers = True
		$13.IncludeStaticEntities = True
		$10.NamingRule = $15
		$15.Name = Attributes
		$15.RequiredSuffixes = $16
		$16.String = Attribute
		$15.AffectedEntity = CustomAttributes
		$15.VisibilityMask = VisibilityMask
		$15.NamingStyle = PascalCase
		$15.IncludeInstanceMembers = True
		$15.IncludeStaticEntities = True
		$10.NamingRule = $17
		$17.Name = Event Arguments
		$17.RequiredSuffixes = $18
		$18.String = EventArgs
		$17.AffectedEntity = CustomEventArgs
		$17.VisibilityMask = VisibilityMask
		$17.NamingStyle = PascalCase
		$17.IncludeInstanceMembers = True
		$17.IncludeStaticEntities = True
		$10.NamingRule = $19
		$19.Name = Exceptions
		$19.RequiredSuffixes = $20
		$20.String = Exception
		$19.AffectedEntity = CustomExceptions
		$19.VisibilityMask = VisibilityMask
		$19.NamingStyle = PascalCase
		$19.IncludeInstanceMembers = True
		$19.IncludeStaticEntities = True
		$10.NamingRule = $21
		$21.Name = Methods
		$21.AffectedEntity = Methods
		$21.VisibilityMask = VisibilityMask
		$21.NamingStyle = PascalCase
		$21.IncludeInstanceMembers = True
		$21.IncludeStaticEntities = True
		$10.NamingRule = $22
		$22.Name = Static Readonly Fields
		$22.AffectedEntity = ReadonlyField
		$22.VisibilityMask = Internal, Protected, Public
		$22.NamingStyle = PascalCase
		$22.IncludeInstanceMembers = False
		$22.IncludeStaticEntities = True
		$10.NamingRule = $23
		$23.Name = Fields (Non Private)
		$23.AffectedEntity = Field
		$23.VisibilityMask = Internal, Protected, Public
		$23.NamingStyle = PascalCase
		$23.IncludeInstanceMembers = True
		$23.IncludeStaticEntities = True
		$10.NamingRule = $24
		$24.Name = ReadOnly Fields (Non Private)
		$24.AffectedEntity = ReadonlyField
		$24.VisibilityMask = Internal, Protected, Public
		$24.NamingStyle = PascalCase
		$24.IncludeInstanceMembers = True
		$24.IncludeStaticEntities = False
		$10.NamingRule = $25
		$25.Name = Fields (Private)
		$25.AllowedPrefixes = $26
		$26.String = _
		$26.String = m_
		$25.AffectedEntity = Field, ReadonlyField
		$25.VisibilityMask = Private
		$25.NamingStyle = CamelCase
		$25.IncludeInstanceMembers = True
		$25.IncludeStaticEntities = False
		$10.NamingRule = $27
		$27.Name = Static Fields (Private)
		$27.AffectedEntity = Field
		$27.VisibilityMask = Private
		$27.NamingStyle = CamelCase
		$27.IncludeInstanceMembers = False
		$27.IncludeStaticEntities = True
		$10.NamingRule = $28
		$28.Name = ReadOnly Fields (Private)
		$28.AllowedPrefixes = $29
		$29.String = _
		$29.String = m_
		$28.AffectedEntity = ReadonlyField
		$28.VisibilityMask = Private
		$28.NamingStyle = CamelCase
		$28.IncludeInstanceMembers = True
		$28.IncludeStaticEntities = False
		$10.NamingRule = $30
		$30.Name = Constant Fields
		$30.AffectedEntity = ConstantField
		$30.VisibilityMask = VisibilityMask
		$30.NamingStyle = PascalCase
		$30.IncludeInstanceMembers = True
		$30.IncludeStaticEntities = True
		$10.NamingRule = $31
		$31.Name = Properties
		$31.AffectedEntity = Property
		$31.VisibilityMask = VisibilityMask
		$31.NamingStyle = PascalCase
		$31.IncludeInstanceMembers = True
		$31.IncludeStaticEntities = True
		$10.NamingRule = $32
		$32.Name = Events
		$32.AffectedEntity = Event
		$32.VisibilityMask = VisibilityMask
		$32.NamingStyle = PascalCase
		$32.IncludeInstanceMembers = True
		$32.IncludeStaticEntities = True
		$10.NamingRule = $33
		$33.Name = Enum Members
		$33.AffectedEntity = EnumMember
		$33.VisibilityMask = VisibilityMask
		$33.NamingStyle = PascalCase
		$33.IncludeInstanceMembers = True
		$33.IncludeStaticEntities = True
		$10.NamingRule = $34
		$34.Name = Parameters
		$34.AffectedEntity = Parameter
		$34.VisibilityMask = VisibilityMask
		$34.NamingStyle = CamelCase
		$34.IncludeInstanceMembers = True
		$34.IncludeStaticEntities = True
		$10.NamingRule = $35
		$35.Name = Type Parameters
		$35.RequiredPrefixes = $36
		$36.String = T
		$35.AffectedEntity = TypeParameter
		$35.VisibilityMask = VisibilityMask
		$35.NamingStyle = PascalCase
		$35.IncludeInstanceMembers = True
		$35.IncludeStaticEntities = True
		$0.TextStylePolicy = $37
		$37.FileWidth = 98
		$37.TabWidth = 2
		$37.IndentWidth = 2
		$37.NoTabsAfterNonTabs = True
		$37.inheritsSet = VisualStudio
		$37.inheritsScope = text/plain
		$37.scope = application/javascript
		$0.TextStylePolicy = $38
		$38.FileWidth = 98
		$38.TabWidth = 2
		$38.IndentWidth = 2
		$38.NoTabsAfterNonTabs = True
		$38.inheritsSet = VisualStudio
		$38.inheritsScope = text/plain
		$38.scope = application/typescript
		$0.TextStylePolicy = $39
		$39.FileWidth = 98
		$39.TabWidth = 2
		$39.IndentWidth = 2
		$39.NoTabsAfterNonTabs = True
		$39.inheritsSet = VisualStudio
		$39.inheritsScope = text/plain
		$39.scope = text/html
	EndGlobalSection
	GlobalSection(SolutionProperties) = preSolution
		HideSolutionNode = FALSE
	EndGlobalSection
EndGlobal
