{
  "name": "bloom",
  "version": "3.6.0",
  "dependencies": {
    "@types/babel-types": {
      "version": "7.0.0",
      "from": "@types/babel-types@>=7.0.0 <8.0.0",
      "resolved": "https://registry.npmjs.org/@types/babel-types/-/babel-types-7.0.0.tgz"
    },
    "@types/babylon": {
      "version": "6.16.2",
      "from": "@types/babylon@>=6.16.2 <7.0.0",
      "resolved": "https://registry.npmjs.org/@types/babylon/-/babylon-6.16.2.tgz"
    },
    "@types/react": {
      "version": "15.6.14",
      "from": "@types/react@>=15.0.33 <16.0.0",
      "resolved": "https://registry.npmjs.org/@types/react/-/react-15.6.14.tgz"
    },
    "acorn": {
      "version": "3.3.0",
      "from": "acorn@>=3.1.0 <4.0.0",
      "resolved": "https://registry.npmjs.org/acorn/-/acorn-3.3.0.tgz"
    },
    "acorn-globals": {
      "version": "3.1.0",
      "from": "acorn-globals@>=3.0.0 <4.0.0",
      "resolved": "https://registry.npmjs.org/acorn-globals/-/acorn-globals-3.1.0.tgz",
      "dependencies": {
        "acorn": {
          "version": "4.0.13",
          "from": "acorn@>=4.0.4 <5.0.0",
          "resolved": "https://registry.npmjs.org/acorn/-/acorn-4.0.13.tgz"
        }
      }
    },
    "align-text": {
      "version": "0.1.4",
      "from": "align-text@>=0.1.3 <0.2.0",
      "resolved": "https://registry.npmjs.org/align-text/-/align-text-0.1.4.tgz"
    },
    "almond": {
      "version": "0.3.3",
      "from": "almond@>=0.3.1 <0.4.0",
      "resolved": "https://registry.npmjs.org/almond/-/almond-0.3.3.tgz"
    },
    "amdefine": {
      "version": "1.0.1",
      "from": "amdefine@>=0.0.4",
      "resolved": "https://registry.npmjs.org/amdefine/-/amdefine-1.0.1.tgz"
    },
    "ansi-gray": {
      "version": "0.1.1",
      "from": "ansi-gray@>=0.1.1 <0.2.0",
      "resolved": "https://registry.npmjs.org/ansi-gray/-/ansi-gray-0.1.1.tgz"
    },
    "ansi-regex": {
      "version": "2.1.1",
      "from": "ansi-regex@>=2.0.0 <3.0.0",
      "resolved": "https://registry.npmjs.org/ansi-regex/-/ansi-regex-2.1.1.tgz"
    },
    "ansi-styles": {
      "version": "2.2.1",
      "from": "ansi-styles@>=2.2.1 <3.0.0",
      "resolved": "https://registry.npmjs.org/ansi-styles/-/ansi-styles-2.2.1.tgz"
    },
    "ansi-wrap": {
      "version": "0.1.0",
      "from": "ansi-wrap@0.1.0",
      "resolved": "https://registry.npmjs.org/ansi-wrap/-/ansi-wrap-0.1.0.tgz"
    },
    "array-differ": {
      "version": "1.0.0",
      "from": "array-differ@>=1.0.0 <2.0.0",
      "resolved": "https://registry.npmjs.org/array-differ/-/array-differ-1.0.0.tgz"
    },
    "array-find": {
      "version": "1.0.0",
      "from": "array-find@>=1.0.0 <2.0.0",
      "resolved": "https://registry.npmjs.org/array-find/-/array-find-1.0.0.tgz"
    },
    "array-uniq": {
      "version": "1.0.3",
      "from": "array-uniq@>=1.0.2 <2.0.0",
      "resolved": "https://registry.npmjs.org/array-uniq/-/array-uniq-1.0.3.tgz"
    },
    "asap": {
      "version": "2.0.6",
      "from": "asap@>=2.0.3 <2.1.0",
      "resolved": "https://registry.npmjs.org/asap/-/asap-2.0.6.tgz"
    },
    "axios": {
      "version": "0.16.2",
      "from": "axios@>=0.16.2 <0.17.0",
      "resolved": "https://registry.npmjs.org/axios/-/axios-0.16.2.tgz"
    },
    "babel-runtime": {
      "version": "6.26.0",
      "from": "babel-runtime@>=6.26.0 <7.0.0",
      "resolved": "https://registry.npmjs.org/babel-runtime/-/babel-runtime-6.26.0.tgz"
    },
    "babel-types": {
      "version": "6.26.0",
      "from": "babel-types@>=6.26.0 <7.0.0",
      "resolved": "https://registry.npmjs.org/babel-types/-/babel-types-6.26.0.tgz"
    },
    "babylon": {
      "version": "6.18.0",
      "from": "babylon@>=6.18.0 <7.0.0",
      "resolved": "https://registry.npmjs.org/babylon/-/babylon-6.18.0.tgz"
    },
    "beeper": {
      "version": "1.1.1",
      "from": "beeper@>=1.0.0 <2.0.0",
      "resolved": "https://registry.npmjs.org/beeper/-/beeper-1.1.1.tgz"
    },
    "big.js": {
      "version": "3.2.0",
      "from": "big.js@>=3.1.3 <4.0.0",
      "resolved": "https://registry.npmjs.org/big.js/-/big.js-3.2.0.tgz"
    },
    "bowser": {
      "version": "1.9.2",
      "from": "bowser@>=1.0.0 <2.0.0",
      "resolved": "https://registry.npmjs.org/bowser/-/bowser-1.9.2.tgz"
    },
    "camelcase": {
      "version": "1.2.1",
      "from": "camelcase@>=1.0.2 <2.0.0",
      "resolved": "https://registry.npmjs.org/camelcase/-/camelcase-1.2.1.tgz"
    },
    "center-align": {
      "version": "0.1.3",
      "from": "center-align@>=0.1.1 <0.2.0",
      "resolved": "https://registry.npmjs.org/center-align/-/center-align-0.1.3.tgz"
    },
    "chalk": {
      "version": "1.1.3",
      "from": "chalk@>=1.0.0 <2.0.0",
      "resolved": "https://registry.npmjs.org/chalk/-/chalk-1.1.3.tgz"
    },
    "character-parser": {
      "version": "2.2.0",
      "from": "character-parser@>=2.1.1 <3.0.0",
      "resolved": "https://registry.npmjs.org/character-parser/-/character-parser-2.2.0.tgz"
    },
    "clean-css": {
      "version": "3.4.28",
      "from": "clean-css@>=3.3.0 <4.0.0",
      "resolved": "https://registry.npmjs.org/clean-css/-/clean-css-3.4.28.tgz"
    },
    "cliui": {
      "version": "2.1.0",
      "from": "cliui@>=2.1.0 <3.0.0",
      "resolved": "https://registry.npmjs.org/cliui/-/cliui-2.1.0.tgz"
    },
    "clone": {
      "version": "1.0.3",
      "from": "clone@>=1.0.0 <2.0.0",
      "resolved": "https://registry.npmjs.org/clone/-/clone-1.0.3.tgz"
    },
    "clone-stats": {
      "version": "0.0.1",
      "from": "clone-stats@>=0.0.1 <0.0.2",
      "resolved": "https://registry.npmjs.org/clone-stats/-/clone-stats-0.0.1.tgz"
    },
    "color-support": {
      "version": "1.1.3",
      "from": "color-support@>=1.1.3 <2.0.0",
      "resolved": "https://registry.npmjs.org/color-support/-/color-support-1.1.3.tgz"
    },
    "commander": {
      "version": "2.8.1",
      "from": "commander@>=2.8.0 <2.9.0",
      "resolved": "https://registry.npmjs.org/commander/-/commander-2.8.1.tgz"
    },
    "constantinople": {
      "version": "3.1.2",
      "from": "constantinople@>=3.0.1 <4.0.0",
      "resolved": "https://registry.npmjs.org/constantinople/-/constantinople-3.1.2.tgz"
    },
    "core-js": {
      "version": "2.5.3",
      "from": "core-js@>=2.4.0 <3.0.0",
      "resolved": "https://registry.npmjs.org/core-js/-/core-js-2.5.3.tgz"
    },
    "core-util-is": {
      "version": "1.0.2",
      "from": "core-util-is@>=1.0.0 <1.1.0",
      "resolved": "https://registry.npmjs.org/core-util-is/-/core-util-is-1.0.2.tgz"
    },
    "create-react-class": {
      "version": "15.6.3",
      "from": "create-react-class@>=15.6.0 <16.0.0",
      "resolved": "https://registry.npmjs.org/create-react-class/-/create-react-class-15.6.3.tgz"
    },
    "css-element-queries": {
      "version": "0.3.2",
      "from": "css-element-queries@>=0.3.2 <0.4.0",
      "resolved": "https://registry.npmjs.org/css-element-queries/-/css-element-queries-0.3.2.tgz"
    },
    "date-time": {
      "version": "0.1.1",
      "from": "date-time@>=0.1.1 <0.2.0",
      "resolved": "https://registry.npmjs.org/date-time/-/date-time-0.1.1.tgz"
    },
    "dateformat": {
      "version": "2.2.0",
      "from": "dateformat@>=2.0.0 <3.0.0",
      "resolved": "https://registry.npmjs.org/dateformat/-/dateformat-2.2.0.tgz"
    },
    "debug": {
      "version": "3.1.0",
      "from": "debug@>=3.1.0 <4.0.0",
      "resolved": "https://registry.npmjs.org/debug/-/debug-3.1.0.tgz"
    },
    "decamelize": {
      "version": "1.2.0",
      "from": "decamelize@>=1.0.0 <2.0.0",
      "resolved": "https://registry.npmjs.org/decamelize/-/decamelize-1.2.0.tgz"
    },
    "doctypes": {
      "version": "1.1.0",
      "from": "doctypes@>=1.1.0 <2.0.0",
      "resolved": "https://registry.npmjs.org/doctypes/-/doctypes-1.1.0.tgz"
    },
    "dom-walk": {
      "version": "0.1.1",
      "from": "dom-walk@>=0.1.0 <0.2.0",
      "resolved": "https://registry.npmjs.org/dom-walk/-/dom-walk-0.1.1.tgz"
    },
    "duplexer2": {
      "version": "0.0.2",
      "from": "duplexer2@0.0.2",
      "resolved": "https://registry.npmjs.org/duplexer2/-/duplexer2-0.0.2.tgz"
    },
    "emojis-list": {
      "version": "2.1.0",
      "from": "emojis-list@>=2.0.0 <3.0.0",
      "resolved": "https://registry.npmjs.org/emojis-list/-/emojis-list-2.1.0.tgz"
    },
    "encoding": {
      "version": "0.1.12",
      "from": "encoding@>=0.1.11 <0.2.0",
      "resolved": "https://registry.npmjs.org/encoding/-/encoding-0.1.12.tgz"
    },
    "escape-string-regexp": {
      "version": "1.0.5",
      "from": "escape-string-regexp@>=1.0.2 <2.0.0",
      "resolved": "https://registry.npmjs.org/escape-string-regexp/-/escape-string-regexp-1.0.5.tgz"
    },
    "esutils": {
      "version": "2.0.2",
      "from": "esutils@>=2.0.2 <3.0.0",
      "resolved": "https://registry.npmjs.org/esutils/-/esutils-2.0.2.tgz"
    },
    "exenv": {
      "version": "1.2.2",
      "from": "exenv@>=1.2.1 <2.0.0",
      "resolved": "https://registry.npmjs.org/exenv/-/exenv-1.2.2.tgz"
    },
    "fancy-log": {
      "version": "1.3.2",
      "from": "fancy-log@>=1.1.0 <2.0.0",
      "resolved": "https://registry.npmjs.org/fancy-log/-/fancy-log-1.3.2.tgz"
    },
    "fbjs": {
      "version": "0.8.16",
      "from": "fbjs@>=0.8.9 <0.9.0",
      "resolved": "https://registry.npmjs.org/fbjs/-/fbjs-0.8.16.tgz",
      "dependencies": {
        "core-js": {
          "version": "1.2.7",
          "from": "core-js@>=1.0.0 <2.0.0",
          "resolved": "https://registry.npmjs.org/core-js/-/core-js-1.2.7.tgz"
        }
      }
    },
    "follow-redirects": {
      "version": "1.4.1",
      "from": "follow-redirects@>=1.2.3 <2.0.0",
      "resolved": "https://registry.npmjs.org/follow-redirects/-/follow-redirects-1.4.1.tgz"
    },
    "function-bind": {
      "version": "1.1.1",
      "from": "function-bind@>=1.0.2 <2.0.0",
      "resolved": "https://registry.npmjs.org/function-bind/-/function-bind-1.1.1.tgz"
    },
    "global": {
      "version": "4.3.2",
      "from": "global@>=4.3.2 <5.0.0",
      "resolved": "https://registry.npmjs.org/global/-/global-4.3.2.tgz"
    },
    "glogg": {
      "version": "1.0.1",
      "from": "glogg@>=1.0.0 <2.0.0",
      "resolved": "https://registry.npmjs.org/glogg/-/glogg-1.0.1.tgz"
    },
    "graceful-readlink": {
      "version": "1.0.1",
      "from": "graceful-readlink@>=1.0.0",
      "resolved": "https://registry.npmjs.org/graceful-readlink/-/graceful-readlink-1.0.1.tgz"
    },
    "gulp-pug": {
      "version": "3.3.0",
      "from": "gulp-pug@>=3.2.0 <4.0.0",
      "resolved": "https://registry.npmjs.org/gulp-pug/-/gulp-pug-3.3.0.tgz"
    },
    "gulp-util": {
      "version": "3.0.8",
      "from": "gulp-util@>=3.0.2 <4.0.0",
      "resolved": "https://registry.npmjs.org/gulp-util/-/gulp-util-3.0.8.tgz",
      "dependencies": {
        "object-assign": {
          "version": "3.0.0",
          "from": "object-assign@>=3.0.0 <4.0.0",
          "resolved": "https://registry.npmjs.org/object-assign/-/object-assign-3.0.0.tgz"
        }
      }
    },
    "gulplog": {
      "version": "1.0.0",
      "from": "gulplog@>=1.0.0 <2.0.0",
      "resolved": "https://registry.npmjs.org/gulplog/-/gulplog-1.0.0.tgz"
    },
    "has": {
      "version": "1.0.1",
      "from": "has@>=1.0.1 <2.0.0",
      "resolved": "https://registry.npmjs.org/has/-/has-1.0.1.tgz"
    },
    "has-ansi": {
      "version": "2.0.0",
      "from": "has-ansi@>=2.0.0 <3.0.0",
      "resolved": "https://registry.npmjs.org/has-ansi/-/has-ansi-2.0.0.tgz"
    },
    "has-color": {
      "version": "0.1.7",
      "from": "has-color@>=0.1.0 <0.2.0",
      "resolved": "https://registry.npmjs.org/has-color/-/has-color-0.1.7.tgz"
    },
    "has-gulplog": {
      "version": "0.1.0",
      "from": "has-gulplog@>=0.1.0 <0.2.0",
      "resolved": "https://registry.npmjs.org/has-gulplog/-/has-gulplog-0.1.0.tgz"
    },
    "hyphenate-style-name": {
      "version": "1.0.2",
      "from": "hyphenate-style-name@>=1.0.1 <2.0.0",
      "resolved": "https://registry.npmjs.org/hyphenate-style-name/-/hyphenate-style-name-1.0.2.tgz"
    },
    "iconv-lite": {
      "version": "0.4.19",
      "from": "iconv-lite@>=0.4.13 <0.5.0",
      "resolved": "https://registry.npmjs.org/iconv-lite/-/iconv-lite-0.4.19.tgz"
    },
    "inherits": {
      "version": "2.0.3",
      "from": "inherits@>=2.0.1 <2.1.0",
      "resolved": "https://registry.npmjs.org/inherits/-/inherits-2.0.3.tgz"
    },
    "inline-style-prefixer": {
      "version": "2.0.5",
      "from": "inline-style-prefixer@>=2.0.5 <3.0.0",
      "resolved": "https://registry.npmjs.org/inline-style-prefixer/-/inline-style-prefixer-2.0.5.tgz"
    },
    "is-buffer": {
      "version": "1.1.6",
      "from": "is-buffer@>=1.1.5 <2.0.0",
      "resolved": "https://registry.npmjs.org/is-buffer/-/is-buffer-1.1.6.tgz"
    },
    "is-expression": {
      "version": "3.0.0",
      "from": "is-expression@>=3.0.0 <4.0.0",
      "resolved": "https://registry.npmjs.org/is-expression/-/is-expression-3.0.0.tgz",
      "dependencies": {
        "acorn": {
          "version": "4.0.13",
          "from": "acorn@>=4.0.2 <4.1.0",
          "resolved": "https://registry.npmjs.org/acorn/-/acorn-4.0.13.tgz"
        }
      }
    },
    "is-promise": {
      "version": "2.1.0",
      "from": "is-promise@>=2.0.0 <3.0.0",
      "resolved": "https://registry.npmjs.org/is-promise/-/is-promise-2.1.0.tgz"
    },
    "is-regex": {
      "version": "1.0.4",
      "from": "is-regex@>=1.0.3 <2.0.0",
      "resolved": "https://registry.npmjs.org/is-regex/-/is-regex-1.0.4.tgz"
    },
    "is-stream": {
      "version": "1.1.0",
      "from": "is-stream@>=1.0.1 <2.0.0",
      "resolved": "https://registry.npmjs.org/is-stream/-/is-stream-1.1.0.tgz"
    },
    "isarray": {
      "version": "0.0.1",
      "from": "isarray@0.0.1",
      "resolved": "https://registry.npmjs.org/isarray/-/isarray-0.0.1.tgz"
    },
    "isomorphic-fetch": {
      "version": "2.2.1",
      "from": "isomorphic-fetch@>=2.1.1 <3.0.0",
      "resolved": "https://registry.npmjs.org/isomorphic-fetch/-/isomorphic-fetch-2.2.1.tgz"
    },
    "jquery": {
      "version": "1.12.4",
      "from": "jquery@>=1.12.4 <2.0.0",
      "resolved": "https://registry.npmjs.org/jquery/-/jquery-1.12.4.tgz"
    },
    "jquery-mousewheel": {
      "version": "3.1.13",
      "from": "jquery-mousewheel@>=3.1.13 <3.2.0",
      "resolved": "https://registry.npmjs.org/jquery-mousewheel/-/jquery-mousewheel-3.1.13.tgz"
    },
    "jquery.hotkeys": {
      "version": "0.1.0",
      "from": "jquery.hotkeys@>=0.1.0 <0.2.0",
      "resolved": "https://registry.npmjs.org/jquery.hotkeys/-/jquery.hotkeys-0.1.0.tgz"
    },
    "js-stringify": {
      "version": "1.0.2",
      "from": "js-stringify@>=1.0.1 <2.0.0",
      "resolved": "https://registry.npmjs.org/js-stringify/-/js-stringify-1.0.2.tgz"
    },
    "js-tokens": {
      "version": "3.0.2",
      "from": "js-tokens@>=3.0.0 <4.0.0",
      "resolved": "https://registry.npmjs.org/js-tokens/-/js-tokens-3.0.2.tgz"
    },
    "json5": {
      "version": "0.5.1",
      "from": "json5@>=0.5.0 <0.6.0",
      "resolved": "https://registry.npmjs.org/json5/-/json5-0.5.1.tgz"
    },
    "jstransformer": {
      "version": "1.0.0",
      "from": "jstransformer@1.0.0",
      "resolved": "https://registry.npmjs.org/jstransformer/-/jstransformer-1.0.0.tgz"
    },
    "kind-of": {
      "version": "3.2.2",
      "from": "kind-of@>=3.0.2 <4.0.0",
      "resolved": "https://registry.npmjs.org/kind-of/-/kind-of-3.2.2.tgz"
    },
    "lazy-cache": {
      "version": "1.0.4",
      "from": "lazy-cache@>=1.0.3 <2.0.0",
      "resolved": "https://registry.npmjs.org/lazy-cache/-/lazy-cache-1.0.4.tgz"
    },
    "loader-utils": {
      "version": "0.2.17",
      "from": "loader-utils@>=0.2.5 <0.3.0",
      "resolved": "https://registry.npmjs.org/loader-utils/-/loader-utils-0.2.17.tgz"
    },
    "lodash": {
      "version": "4.17.5",
      "from": "lodash@>=4.17.4 <5.0.0",
      "resolved": "https://registry.npmjs.org/lodash/-/lodash-4.17.5.tgz"
    },
    "lodash._basecopy": {
      "version": "3.0.1",
      "from": "lodash._basecopy@>=3.0.0 <4.0.0",
      "resolved": "https://registry.npmjs.org/lodash._basecopy/-/lodash._basecopy-3.0.1.tgz"
    },
    "lodash._basetostring": {
      "version": "3.0.1",
      "from": "lodash._basetostring@>=3.0.0 <4.0.0",
      "resolved": "https://registry.npmjs.org/lodash._basetostring/-/lodash._basetostring-3.0.1.tgz"
    },
    "lodash._basevalues": {
      "version": "3.0.0",
      "from": "lodash._basevalues@>=3.0.0 <4.0.0",
      "resolved": "https://registry.npmjs.org/lodash._basevalues/-/lodash._basevalues-3.0.0.tgz"
    },
    "lodash._getnative": {
      "version": "3.9.1",
      "from": "lodash._getnative@>=3.0.0 <4.0.0",
      "resolved": "https://registry.npmjs.org/lodash._getnative/-/lodash._getnative-3.9.1.tgz"
    },
    "lodash._isiterateecall": {
      "version": "3.0.9",
      "from": "lodash._isiterateecall@>=3.0.0 <4.0.0",
      "resolved": "https://registry.npmjs.org/lodash._isiterateecall/-/lodash._isiterateecall-3.0.9.tgz"
    },
    "lodash._reescape": {
      "version": "3.0.0",
      "from": "lodash._reescape@>=3.0.0 <4.0.0",
      "resolved": "https://registry.npmjs.org/lodash._reescape/-/lodash._reescape-3.0.0.tgz"
    },
    "lodash._reevaluate": {
      "version": "3.0.0",
      "from": "lodash._reevaluate@>=3.0.0 <4.0.0",
      "resolved": "https://registry.npmjs.org/lodash._reevaluate/-/lodash._reevaluate-3.0.0.tgz"
    },
    "lodash._reinterpolate": {
      "version": "3.0.0",
      "from": "lodash._reinterpolate@>=3.0.0 <4.0.0",
      "resolved": "https://registry.npmjs.org/lodash._reinterpolate/-/lodash._reinterpolate-3.0.0.tgz"
    },
    "lodash._root": {
      "version": "3.0.1",
      "from": "lodash._root@>=3.0.0 <4.0.0",
      "resolved": "https://registry.npmjs.org/lodash._root/-/lodash._root-3.0.1.tgz"
    },
    "lodash.escape": {
      "version": "3.2.0",
      "from": "lodash.escape@>=3.0.0 <4.0.0",
      "resolved": "https://registry.npmjs.org/lodash.escape/-/lodash.escape-3.2.0.tgz"
    },
    "lodash.isarguments": {
      "version": "3.1.0",
      "from": "lodash.isarguments@>=3.0.0 <4.0.0",
      "resolved": "https://registry.npmjs.org/lodash.isarguments/-/lodash.isarguments-3.1.0.tgz"
    },
    "lodash.isarray": {
      "version": "3.0.4",
      "from": "lodash.isarray@>=3.0.0 <4.0.0",
      "resolved": "https://registry.npmjs.org/lodash.isarray/-/lodash.isarray-3.0.4.tgz"
    },
    "lodash.keys": {
      "version": "3.1.2",
      "from": "lodash.keys@>=3.0.0 <4.0.0",
      "resolved": "https://registry.npmjs.org/lodash.keys/-/lodash.keys-3.1.2.tgz"
    },
    "lodash.restparam": {
      "version": "3.6.1",
      "from": "lodash.restparam@>=3.0.0 <4.0.0",
      "resolved": "https://registry.npmjs.org/lodash.restparam/-/lodash.restparam-3.6.1.tgz"
    },
    "lodash.template": {
      "version": "3.6.2",
      "from": "lodash.template@>=3.0.0 <4.0.0",
      "resolved": "https://registry.npmjs.org/lodash.template/-/lodash.template-3.6.2.tgz"
    },
    "lodash.templatesettings": {
      "version": "3.1.1",
      "from": "lodash.templatesettings@>=3.0.0 <4.0.0",
      "resolved": "https://registry.npmjs.org/lodash.templatesettings/-/lodash.templatesettings-3.1.1.tgz"
    },
    "longest": {
      "version": "1.0.1",
      "from": "longest@>=1.0.1 <2.0.0",
      "resolved": "https://registry.npmjs.org/longest/-/longest-1.0.1.tgz"
    },
    "loose-envify": {
      "version": "1.3.1",
      "from": "loose-envify@>=1.1.0 <2.0.0",
      "resolved": "https://registry.npmjs.org/loose-envify/-/loose-envify-1.3.1.tgz"
    },
    "min-document": {
      "version": "2.19.0",
      "from": "min-document@>=2.19.0 <3.0.0",
      "resolved": "https://registry.npmjs.org/min-document/-/min-document-2.19.0.tgz"
    },
    "minimist": {
      "version": "1.2.0",
      "from": "minimist@>=1.1.0 <2.0.0",
      "resolved": "https://registry.npmjs.org/minimist/-/minimist-1.2.0.tgz"
    },
    "ms": {
      "version": "2.0.0",
      "from": "ms@2.0.0",
      "resolved": "https://registry.npmjs.org/ms/-/ms-2.0.0.tgz"
    },
    "multipipe": {
      "version": "0.1.2",
      "from": "multipipe@>=0.1.2 <0.2.0",
      "resolved": "https://registry.npmjs.org/multipipe/-/multipipe-0.1.2.tgz"
    },
    "node-fetch": {
      "version": "1.7.3",
      "from": "node-fetch@>=1.0.1 <2.0.0",
      "resolved": "https://registry.npmjs.org/node-fetch/-/node-fetch-1.7.3.tgz"
    },
    "object-assign": {
      "version": "4.1.1",
      "from": "object-assign@>=4.1.0 <5.0.0",
      "resolved": "https://registry.npmjs.org/object-assign/-/object-assign-4.1.1.tgz"
    },
    "parse-ms": {
      "version": "0.1.2",
      "from": "parse-ms@>=0.1.0 <0.2.0",
      "resolved": "https://registry.npmjs.org/parse-ms/-/parse-ms-0.1.2.tgz"
    },
    "path-parse": {
      "version": "1.0.5",
      "from": "path-parse@>=1.0.5 <2.0.0",
      "resolved": "https://registry.npmjs.org/path-parse/-/path-parse-1.0.5.tgz"
    },
    "pretty-ms": {
      "version": "0.2.2",
      "from": "pretty-ms@>=0.2.1 <0.3.0",
      "resolved": "https://registry.npmjs.org/pretty-ms/-/pretty-ms-0.2.2.tgz"
    },
    "process": {
      "version": "0.5.2",
      "from": "process@>=0.5.1 <0.6.0",
      "resolved": "https://registry.npmjs.org/process/-/process-0.5.2.tgz"
    },
    "process-nextick-args": {
      "version": "2.0.0",
      "from": "process-nextick-args@>=2.0.0 <2.1.0",
      "resolved": "https://registry.npmjs.org/process-nextick-args/-/process-nextick-args-2.0.0.tgz"
    },
    "promise": {
      "version": "7.3.1",
      "from": "promise@>=7.0.1 <8.0.0",
      "resolved": "https://registry.npmjs.org/promise/-/promise-7.3.1.tgz"
    },
    "prop-types": {
      "version": "15.6.0",
      "from": "prop-types@>=15.5.10 <16.0.0",
      "resolved": "https://registry.npmjs.org/prop-types/-/prop-types-15.6.0.tgz"
    },
    "pug": {
      "version": "2.0.0-rc.4",
      "from": "pug@>=2.0.0-beta6 <3.0.0",
      "resolved": "https://registry.npmjs.org/pug/-/pug-2.0.0-rc.4.tgz"
    },
    "pug-attrs": {
      "version": "2.0.2",
      "from": "pug-attrs@>=2.0.2 <3.0.0",
      "resolved": "https://registry.npmjs.org/pug-attrs/-/pug-attrs-2.0.2.tgz"
    },
    "pug-code-gen": {
      "version": "2.0.0",
      "from": "pug-code-gen@>=2.0.0 <3.0.0",
      "resolved": "https://registry.npmjs.org/pug-code-gen/-/pug-code-gen-2.0.0.tgz"
    },
    "pug-error": {
      "version": "1.3.2",
      "from": "pug-error@>=1.3.2 <2.0.0",
      "resolved": "https://registry.npmjs.org/pug-error/-/pug-error-1.3.2.tgz"
    },
    "pug-filters": {
      "version": "2.1.5",
      "from": "pug-filters@>=2.1.5 <3.0.0",
      "resolved": "https://registry.npmjs.org/pug-filters/-/pug-filters-2.1.5.tgz"
    },
    "pug-lexer": {
      "version": "3.1.0",
      "from": "pug-lexer@>=3.1.0 <4.0.0",
      "resolved": "https://registry.npmjs.org/pug-lexer/-/pug-lexer-3.1.0.tgz"
    },
    "pug-linker": {
      "version": "3.0.3",
      "from": "pug-linker@>=3.0.3 <4.0.0",
      "resolved": "https://registry.npmjs.org/pug-linker/-/pug-linker-3.0.3.tgz"
    },
    "pug-load": {
      "version": "2.0.9",
      "from": "pug-load@>=2.0.9 <3.0.0",
      "resolved": "https://registry.npmjs.org/pug-load/-/pug-load-2.0.9.tgz"
    },
    "pug-loader": {
      "version": "2.3.0",
      "from": "pug-loader@>=2.3.0 <3.0.0",
      "resolved": "https://registry.npmjs.org/pug-loader/-/pug-loader-2.3.0.tgz"
    },
    "pug-parser": {
      "version": "4.0.0",
      "from": "pug-parser@>=4.0.0 <5.0.0",
      "resolved": "https://registry.npmjs.org/pug-parser/-/pug-parser-4.0.0.tgz"
    },
    "pug-runtime": {
      "version": "2.0.3",
      "from": "pug-runtime@>=2.0.3 <3.0.0",
      "resolved": "https://registry.npmjs.org/pug-runtime/-/pug-runtime-2.0.3.tgz"
    },
    "pug-strip-comments": {
      "version": "1.0.2",
      "from": "pug-strip-comments@>=1.0.2 <2.0.0",
      "resolved": "https://registry.npmjs.org/pug-strip-comments/-/pug-strip-comments-1.0.2.tgz"
    },
    "pug-walk": {
      "version": "1.1.5",
      "from": "pug-walk@>=1.1.5 <2.0.0",
      "resolved": "https://registry.npmjs.org/pug-walk/-/pug-walk-1.1.5.tgz"
    },
    "radium": {
      "version": "0.19.6",
      "from": "radium@>=0.19.6 <0.20.0",
      "resolved": "https://registry.npmjs.org/radium/-/radium-0.19.6.tgz"
    },
    "react": {
      "version": "15.6.2",
      "from": "react@>=15.6.1 <16.0.0",
      "resolved": "https://registry.npmjs.org/react/-/react-15.6.2.tgz"
    },
    "react-desktop": {
      "version": "0.3.3",
      "from": "react-desktop@>=0.3.1 <0.4.0",
      "resolved": "https://registry.npmjs.org/react-desktop/-/react-desktop-0.3.3.tgz"
    },
    "react-dom": {
      "version": "15.6.2",
      "from": "react-dom@>=15.6.1 <16.0.0",
      "resolved": "https://registry.npmjs.org/react-dom/-/react-dom-15.6.2.tgz"
    },
    "readable-stream": {
      "version": "1.1.14",
      "from": "readable-stream@>=1.1.9 <1.2.0",
      "resolved": "https://registry.npmjs.org/readable-stream/-/readable-stream-1.1.14.tgz"
    },
    "regenerator-runtime": {
      "version": "0.11.1",
      "from": "regenerator-runtime@>=0.11.0 <0.12.0",
      "resolved": "https://registry.npmjs.org/regenerator-runtime/-/regenerator-runtime-0.11.1.tgz"
    },
    "repeat-string": {
      "version": "1.6.1",
      "from": "repeat-string@>=1.5.2 <2.0.0",
      "resolved": "https://registry.npmjs.org/repeat-string/-/repeat-string-1.6.1.tgz"
    },
    "replace-ext": {
      "version": "0.0.1",
      "from": "replace-ext@0.0.1",
      "resolved": "https://registry.npmjs.org/replace-ext/-/replace-ext-0.0.1.tgz"
    },
    "requirejs": {
      "version": "2.3.5",
      "from": "requirejs@>=2.1.22 <3.0.0",
      "resolved": "https://registry.npmjs.org/requirejs/-/requirejs-2.3.5.tgz"
    },
    "resolve": {
      "version": "1.5.0",
      "from": "resolve@>=1.1.6 <2.0.0",
      "resolved": "https://registry.npmjs.org/resolve/-/resolve-1.5.0.tgz"
    },
    "right-align": {
      "version": "0.1.3",
      "from": "right-align@>=0.1.1 <0.2.0",
      "resolved": "https://registry.npmjs.org/right-align/-/right-align-0.1.3.tgz"
    },
    "safe-buffer": {
      "version": "5.1.1",
      "from": "safe-buffer@>=5.1.1 <5.2.0",
      "resolved": "https://registry.npmjs.org/safe-buffer/-/safe-buffer-5.1.1.tgz"
    },
    "select2": {
      "version": "4.0.5",
      "from": "select2@>=4.0.2 <5.0.0",
      "resolved": "https://registry.npmjs.org/select2/-/select2-4.0.5.tgz"
    },
    "setimmediate": {
      "version": "1.0.5",
      "from": "setimmediate@>=1.0.5 <2.0.0",
      "resolved": "https://registry.npmjs.org/setimmediate/-/setimmediate-1.0.5.tgz"
    },
    "source-map": {
      "version": "0.4.4",
      "from": "source-map@>=0.4.0 <0.5.0",
      "resolved": "https://registry.npmjs.org/source-map/-/source-map-0.4.4.tgz"
    },
    "sparkles": {
      "version": "1.0.0",
      "from": "sparkles@>=1.0.0 <2.0.0",
      "resolved": "https://registry.npmjs.org/sparkles/-/sparkles-1.0.0.tgz"
    },
    "string_decoder": {
      "version": "0.10.31",
      "from": "string_decoder@>=0.10.0 <0.11.0",
      "resolved": "https://registry.npmjs.org/string_decoder/-/string_decoder-0.10.31.tgz"
    },
    "strip-ansi": {
      "version": "3.0.1",
      "from": "strip-ansi@>=3.0.0 <4.0.0",
      "resolved": "https://registry.npmjs.org/strip-ansi/-/strip-ansi-3.0.1.tgz"
    },
    "supports-color": {
      "version": "2.0.0",
      "from": "supports-color@>=2.0.0 <3.0.0",
      "resolved": "https://registry.npmjs.org/supports-color/-/supports-color-2.0.0.tgz"
    },
    "text-table": {
      "version": "0.2.0",
      "from": "text-table@>=0.2.0 <0.3.0",
      "resolved": "https://registry.npmjs.org/text-table/-/text-table-0.2.0.tgz"
    },
    "through2": {
      "version": "2.0.3",
      "from": "through2@>=2.0.0 <3.0.0",
      "resolved": "https://registry.npmjs.org/through2/-/through2-2.0.3.tgz",
      "dependencies": {
        "isarray": {
          "version": "1.0.0",
          "from": "isarray@>=1.0.0 <1.1.0",
          "resolved": "https://registry.npmjs.org/isarray/-/isarray-1.0.0.tgz"
        },
        "readable-stream": {
          "version": "2.3.4",
          "from": "readable-stream@>=2.1.5 <3.0.0",
          "resolved": "https://registry.npmjs.org/readable-stream/-/readable-stream-2.3.4.tgz"
        },
        "string_decoder": {
          "version": "1.0.3",
          "from": "string_decoder@>=1.0.3 <1.1.0",
          "resolved": "https://registry.npmjs.org/string_decoder/-/string_decoder-1.0.3.tgz"
        }
      }
    },
    "time-require": {
      "version": "0.1.2",
      "from": "time-require@>=0.1.2 <0.2.0",
      "resolved": "https://registry.npmjs.org/time-require/-/time-require-0.1.2.tgz",
      "dependencies": {
        "ansi-styles": {
          "version": "1.0.0",
          "from": "ansi-styles@>=1.0.0 <1.1.0",
          "resolved": "https://registry.npmjs.org/ansi-styles/-/ansi-styles-1.0.0.tgz"
        },
        "chalk": {
          "version": "0.4.0",
          "from": "chalk@>=0.4.0 <0.5.0",
          "resolved": "https://registry.npmjs.org/chalk/-/chalk-0.4.0.tgz"
        },
        "strip-ansi": {
          "version": "0.1.1",
          "from": "strip-ansi@>=0.1.0 <0.2.0",
          "resolved": "https://registry.npmjs.org/strip-ansi/-/strip-ansi-0.1.1.tgz"
        }
      }
    },
    "time-stamp": {
      "version": "1.1.0",
      "from": "time-stamp@>=1.0.0 <2.0.0",
      "resolved": "https://registry.npmjs.org/time-stamp/-/time-stamp-1.1.0.tgz"
    },
    "to-fast-properties": {
      "version": "1.0.3",
      "from": "to-fast-properties@>=1.0.3 <2.0.0",
      "resolved": "https://registry.npmjs.org/to-fast-properties/-/to-fast-properties-1.0.3.tgz"
    },
    "toastr": {
      "version": "2.1.4",
      "from": "toastr@>=2.1.2 <3.0.0",
      "resolved": "https://registry.npmjs.org/toastr/-/toastr-2.1.4.tgz"
    },
    "token-stream": {
      "version": "0.0.1",
      "from": "token-stream@0.0.1",
      "resolved": "https://registry.npmjs.org/token-stream/-/token-stream-0.0.1.tgz"
    },
    "ua-parser-js": {
      "version": "0.7.17",
      "from": "ua-parser-js@>=0.7.9 <0.8.0",
      "resolved": "https://registry.npmjs.org/ua-parser-js/-/ua-parser-js-0.7.17.tgz"
    },
    "uglify-js": {
      "version": "2.8.29",
      "from": "uglify-js@>=2.6.1 <3.0.0",
      "resolved": "https://registry.npmjs.org/uglify-js/-/uglify-js-2.8.29.tgz",
      "dependencies": {
        "source-map": {
          "version": "0.5.7",
          "from": "source-map@>=0.5.1 <0.6.0",
          "resolved": "https://registry.npmjs.org/source-map/-/source-map-0.5.7.tgz"
        }
      }
    },
    "uglify-to-browserify": {
      "version": "1.0.2",
      "from": "uglify-to-browserify@>=1.0.0 <1.1.0",
      "resolved": "https://registry.npmjs.org/uglify-to-browserify/-/uglify-to-browserify-1.0.2.tgz"
    },
    "underscore": {
      "version": "1.8.3",
      "from": "underscore@>=1.8.3 <2.0.0",
      "resolved": "https://registry.npmjs.org/underscore/-/underscore-1.8.3.tgz"
    },
    "util-deprecate": {
      "version": "1.0.2",
      "from": "util-deprecate@>=1.0.1 <1.1.0",
      "resolved": "https://registry.npmjs.org/util-deprecate/-/util-deprecate-1.0.2.tgz"
    },
    "vinyl": {
      "version": "0.5.3",
      "from": "vinyl@>=0.5.0 <0.6.0",
      "resolved": "https://registry.npmjs.org/vinyl/-/vinyl-0.5.3.tgz"
    },
    "void-elements": {
      "version": "2.0.1",
      "from": "void-elements@>=2.0.1 <3.0.0",
      "resolved": "https://registry.npmjs.org/void-elements/-/void-elements-2.0.1.tgz"
    },
    "whatwg-fetch": {
      "version": "2.0.3",
      "from": "whatwg-fetch@>=0.10.0",
      "resolved": "https://registry.npmjs.org/whatwg-fetch/-/whatwg-fetch-2.0.3.tgz"
    },
    "window-size": {
      "version": "0.1.0",
      "from": "window-size@0.1.0",
      "resolved": "https://registry.npmjs.org/window-size/-/window-size-0.1.0.tgz"
    },
    "with": {
      "version": "5.1.1",
      "from": "with@>=5.0.0 <6.0.0",
      "resolved": "https://registry.npmjs.org/with/-/with-5.1.1.tgz"
    },
    "wordwrap": {
      "version": "0.0.2",
      "from": "wordwrap@0.0.2",
      "resolved": "https://registry.npmjs.org/wordwrap/-/wordwrap-0.0.2.tgz"
    },
    "xregexp": {
      "version": "3.2.0",
      "from": "xregexp@>=3.0.0 <4.0.0",
      "resolved": "https://registry.npmjs.org/xregexp/-/xregexp-3.2.0.tgz"
    },
    "xtend": {
      "version": "4.0.1",
      "from": "xtend@>=4.0.1 <4.1.0",
      "resolved": "https://registry.npmjs.org/xtend/-/xtend-4.0.1.tgz"
    },
    "yargs": {
      "version": "3.10.0",
      "from": "yargs@>=3.10.0 <3.11.0",
      "resolved": "https://registry.npmjs.org/yargs/-/yargs-3.10.0.tgz"
    }
  }
}
